
Microsoft Visual Studio Solution File, Format Version 12.00
Project("{FAE04EC0-301F-11D3-BF4B-00C04F79EFBC}") = "UserWay.WebAccessibility.Selenium.Sample", "UserWay.WebAccessibility.Selenium.Sample\UserWay.WebAccessibility.Selenium.Sample.csproj", "{54AF60E8-6BC9-4141-BD27-4160823DACE0}"
EndProject
Global
	GlobalSection(SolutionConfigurationPlatforms) = preSolution
		Debug|Any CPU = Debug|Any CPU
		Release|Any CPU = Release|Any CPU
	EndGlobalSection
	GlobalSection(ProjectConfigurationPlatforms) = postSolution
		{54AF60E8-6BC9-4141-BD27-4160823DACE0}.Debug|Any CPU.ActiveCfg = Debug|Any CPU
		{54AF60E8-6BC9-4141-BD27-4160823DACE0}.Debug|Any CPU.Build.0 = Debug|Any CPU
		{54AF60E8-6BC9-4141-BD27-4160823DACE0}.Release|Any CPU.ActiveCfg = Release|Any CPU
		{54AF60E8-6BC9-4141-BD27-4160823DACE0}.Release|Any CPU.Build.0 = Release|Any CPU
	EndGlobalSection
EndGlobal
